
Microsoft Visual Studio Solution File, Format Version 10.00
# Visual Studio 2008
Project("{8BC9CEB8-8B4A-11D0-8D11-00A0C91BC942}") = "MineGE", "MineGE\MineGE.vcproj", "{0EAE4A0E-20C4-4295-A493-396DD5C29858}"
	ProjectSection(ProjectDependencies) = postProject
		{E73D4DDF-2EB8-499B-9468-C8A7770734D7} = {E73D4DDF-2EB8-499B-9468-C8A7770734D7}
		{57F120E0-BF2A-4D54-A2A2-B87F187AB2AB} = {57F120E0-BF2A-4D54-A2A2-B87F187AB2AB}
	EndProjectSection
EndProject
Project("{8BC9CEB8-8B4A-11D0-8D11-00A0C91BC942}") = "DefGE", "DefGE\DefGE.vcproj", "{A1FA108A-05D5-4B2F-BBFD-9F5C13B7BF30}"
	ProjectSection(ProjectDependencies) = postProject
		{0EAE4A0E-20C4-4295-A493-396DD5C29858} = {0EAE4A0E-20C4-4295-A493-396DD5C29858}
		{E73D4DDF-2EB8-499B-9468-C8A7770734D7} = {E73D4DDF-2EB8-499B-9468-C8A7770734D7}
	EndProjectSection
EndProject
Project("{8BC9CEB8-8B4A-11D0-8D11-00A0C91BC942}") = "DefGEPlugin", "DefGEPlugin\DefGEPlugin.vcproj", "{BCD929A5-3A63-402F-9012-0E449C6383E8}"
	ProjectSection(ProjectDependencies) = postProject
		{E73D4DDF-2EB8-499B-9468-C8A7770734D7} = {E73D4DDF-2EB8-499B-9468-C8A7770734D7}
		{57F120E0-BF2A-4D54-A2A2-B87F187AB2AB} = {57F120E0-BF2A-4D54-A2A2-B87F187AB2AB}
	EndProjectSection
EndProject
Project("{8BC9CEB8-8B4A-11D0-8D11-00A0C91BC942}") = "MineGEDraw", "MineGEDraw\MineGEDraw.vcproj", "{57F120E0-BF2A-4D54-A2A2-B87F187AB2AB}"
	ProjectSection(ProjectDependencies) = postProject
		{E73D4DDF-2EB8-499B-9468-C8A7770734D7} = {E73D4DDF-2EB8-499B-9468-C8A7770734D7}
	EndProjectSection
EndProject
Project("{8BC9CEB8-8B4A-11D0-8D11-00A0C91BC942}") = "DrawVentCmd", "DrawVentCmd\DrawVentCmd.vcproj", "{1F56A259-12A4-4D06-AC69-647AFAD20A7B}"
	ProjectSection(ProjectDependencies) = postProject
		{0EAE4A0E-20C4-4295-A493-396DD5C29858} = {0EAE4A0E-20C4-4295-A493-396DD5C29858}
		{A1FA108A-05D5-4B2F-BBFD-9F5C13B7BF30} = {A1FA108A-05D5-4B2F-BBFD-9F5C13B7BF30}
		{E73D4DDF-2EB8-499B-9468-C8A7770734D7} = {E73D4DDF-2EB8-499B-9468-C8A7770734D7}
	EndProjectSection
EndProject
Project("{8BC9CEB8-8B4A-11D0-8D11-00A0C91BC942}") = "DataInit", "DataInit\DataInit.vcproj", "{359A6918-F561-420E-9426-A56CFA4176D2}"
	ProjectSection(ProjectDependencies) = postProject
		{0EAE4A0E-20C4-4295-A493-396DD5C29858} = {0EAE4A0E-20C4-4295-A493-396DD5C29858}
		{E73D4DDF-2EB8-499B-9468-C8A7770734D7} = {E73D4DDF-2EB8-499B-9468-C8A7770734D7}
	EndProjectSection
EndProject
Project("{8BC9CEB8-8B4A-11D0-8D11-00A0C91BC942}") = "VVLoader", "VVLoader\VVLoader.vcproj", "{E0E104AE-921E-42A4-B2C9-7F5D60BCDC0F}"
	ProjectSection(ProjectDependencies) = postProject
		{DCD1E333-5AFE-407C-B395-B75BE37A2936} = {DCD1E333-5AFE-407C-B395-B75BE37A2936}
		{E73D4DDF-2EB8-499B-9468-C8A7770734D7} = {E73D4DDF-2EB8-499B-9468-C8A7770734D7}
		{57F120E0-BF2A-4D54-A2A2-B87F187AB2AB} = {57F120E0-BF2A-4D54-A2A2-B87F187AB2AB}
	EndProjectSection
EndProject
Project("{8BC9CEB8-8B4A-11D0-8D11-00A0C91BC942}") = "ArxHelper", "ArxHelper\ArxHelper.vcproj", "{E73D4DDF-2EB8-499B-9468-C8A7770734D7}"
EndProject
Project("{8BC9CEB8-8B4A-11D0-8D11-00A0C91BC942}") = "ArxSoUI", "ArxSoUI\ArxSoUI.vcproj", "{C61AB560-2D97-44DF-8F35-8A3ADF2D212D}"
	ProjectSection(ProjectDependencies) = postProject
		{0EAE4A0E-20C4-4295-A493-396DD5C29858} = {0EAE4A0E-20C4-4295-A493-396DD5C29858}
		{DCD1E333-5AFE-407C-B395-B75BE37A2936} = {DCD1E333-5AFE-407C-B395-B75BE37A2936}
		{639177D9-3781-4398-AEF1-8E248C6E0FBD} = {639177D9-3781-4398-AEF1-8E248C6E0FBD}
		{E73D4DDF-2EB8-499B-9468-C8A7770734D7} = {E73D4DDF-2EB8-499B-9468-C8A7770734D7}
	EndProjectSection
EndProject
Project("{8BC9CEB8-8B4A-11D0-8D11-00A0C91BC942}") = "ArxDao", "ArxDao\ArxDao.vcproj", "{639177D9-3781-4398-AEF1-8E248C6E0FBD}"
	ProjectSection(ProjectDependencies) = postProject
		{0EAE4A0E-20C4-4295-A493-396DD5C29858} = {0EAE4A0E-20C4-4295-A493-396DD5C29858}
		{DCD1E333-5AFE-407C-B395-B75BE37A2936} = {DCD1E333-5AFE-407C-B395-B75BE37A2936}
		{E73D4DDF-2EB8-499B-9468-C8A7770734D7} = {E73D4DDF-2EB8-499B-9468-C8A7770734D7}
	EndProjectSection
EndProject
Project("{8BC9CEB8-8B4A-11D0-8D11-00A0C91BC942}") = "Util", "Util\Util.vcproj", "{DCD1E333-5AFE-407C-B395-B75BE37A2936}"
EndProject
Project("{8BC9CEB8-8B4A-11D0-8D11-00A0C91BC942}") = "Launcher", "launcher\launcher.vcproj", "{CE268375-59DA-4FF5-8707-D28D99C24960}"
EndProject
Global
	GlobalSection(SolutionConfigurationPlatforms) = preSolution
		Debug|Win32 = Debug|Win32
		Debug|x64 = Debug|x64
		Release|Win32 = Release|Win32
		Release|x64 = Release|x64
	EndGlobalSection
	GlobalSection(ProjectConfigurationPlatforms) = postSolution
		{0EAE4A0E-20C4-4295-A493-396DD5C29858}.Debug|Win32.ActiveCfg = Debug|Win32
		{0EAE4A0E-20C4-4295-A493-396DD5C29858}.Debug|Win32.Build.0 = Debug|Win32
		{0EAE4A0E-20C4-4295-A493-396DD5C29858}.Debug|x64.ActiveCfg = Debug|x64
		{0EAE4A0E-20C4-4295-A493-396DD5C29858}.Debug|x64.Build.0 = Debug|x64
		{0EAE4A0E-20C4-4295-A493-396DD5C29858}.Release|Win32.ActiveCfg = Release|Win32
		{0EAE4A0E-20C4-4295-A493-396DD5C29858}.Release|Win32.Build.0 = Release|Win32
		{0EAE4A0E-20C4-4295-A493-396DD5C29858}.Release|x64.ActiveCfg = Release|x64
		{0EAE4A0E-20C4-4295-A493-396DD5C29858}.Release|x64.Build.0 = Release|x64
		{A1FA108A-05D5-4B2F-BBFD-9F5C13B7BF30}.Debug|Win32.ActiveCfg = Debug|Win32
		{A1FA108A-05D5-4B2F-BBFD-9F5C13B7BF30}.Debug|Win32.Build.0 = Debug|Win32
		{A1FA108A-05D5-4B2F-BBFD-9F5C13B7BF30}.Debug|x64.ActiveCfg = Debug|x64
		{A1FA108A-05D5-4B2F-BBFD-9F5C13B7BF30}.Debug|x64.Build.0 = Debug|x64
		{A1FA108A-05D5-4B2F-BBFD-9F5C13B7BF30}.Release|Win32.ActiveCfg = Release|Win32
		{A1FA108A-05D5-4B2F-BBFD-9F5C13B7BF30}.Release|Win32.Build.0 = Release|Win32
		{A1FA108A-05D5-4B2F-BBFD-9F5C13B7BF30}.Release|x64.ActiveCfg = Release|x64
		{A1FA108A-05D5-4B2F-BBFD-9F5C13B7BF30}.Release|x64.Build.0 = Release|x64
		{BCD929A5-3A63-402F-9012-0E449C6383E8}.Debug|Win32.ActiveCfg = Debug|Win32
		{BCD929A5-3A63-402F-9012-0E449C6383E8}.Debug|Win32.Build.0 = Debug|Win32
		{BCD929A5-3A63-402F-9012-0E449C6383E8}.Debug|x64.ActiveCfg = Debug|x64
		{BCD929A5-3A63-402F-9012-0E449C6383E8}.Debug|x64.Build.0 = Debug|x64
		{BCD929A5-3A63-402F-9012-0E449C6383E8}.Release|Win32.ActiveCfg = Release|Win32
		{BCD929A5-3A63-402F-9012-0E449C6383E8}.Release|Win32.Build.0 = Release|Win32
		{BCD929A5-3A63-402F-9012-0E449C6383E8}.Release|x64.ActiveCfg = Release|x64
		{BCD929A5-3A63-402F-9012-0E449C6383E8}.Release|x64.Build.0 = Release|x64
		{57F120E0-BF2A-4D54-A2A2-B87F187AB2AB}.Debug|Win32.ActiveCfg = Debug|Win32
		{57F120E0-BF2A-4D54-A2A2-B87F187AB2AB}.Debug|Win32.Build.0 = Debug|Win32
		{57F120E0-BF2A-4D54-A2A2-B87F187AB2AB}.Debug|x64.ActiveCfg = Debug|x64
		{57F120E0-BF2A-4D54-A2A2-B87F187AB2AB}.Debug|x64.Build.0 = Debug|x64
		{57F120E0-BF2A-4D54-A2A2-B87F187AB2AB}.Release|Win32.ActiveCfg = Release|Win32
		{57F120E0-BF2A-4D54-A2A2-B87F187AB2AB}.Release|Win32.Build.0 = Release|Win32
		{57F120E0-BF2A-4D54-A2A2-B87F187AB2AB}.Release|x64.ActiveCfg = Release|x64
		{57F120E0-BF2A-4D54-A2A2-B87F187AB2AB}.Release|x64.Build.0 = Release|x64
		{1F56A259-12A4-4D06-AC69-647AFAD20A7B}.Debug|Win32.ActiveCfg = Debug|Win32
		{1F56A259-12A4-4D06-AC69-647AFAD20A7B}.Debug|Win32.Build.0 = Debug|Win32
		{1F56A259-12A4-4D06-AC69-647AFAD20A7B}.Debug|x64.ActiveCfg = Debug|x64
		{1F56A259-12A4-4D06-AC69-647AFAD20A7B}.Debug|x64.Build.0 = Debug|x64
		{1F56A259-12A4-4D06-AC69-647AFAD20A7B}.Release|Win32.ActiveCfg = Release|Win32
		{1F56A259-12A4-4D06-AC69-647AFAD20A7B}.Release|Win32.Build.0 = Release|Win32
		{1F56A259-12A4-4D06-AC69-647AFAD20A7B}.Release|x64.ActiveCfg = Release|x64
		{1F56A259-12A4-4D06-AC69-647AFAD20A7B}.Release|x64.Build.0 = Release|x64
		{359A6918-F561-420E-9426-A56CFA4176D2}.Debug|Win32.ActiveCfg = Debug|Win32
		{359A6918-F561-420E-9426-A56CFA4176D2}.Debug|Win32.Build.0 = Debug|Win32
		{359A6918-F561-420E-9426-A56CFA4176D2}.Debug|x64.ActiveCfg = Debug|x64
		{359A6918-F561-420E-9426-A56CFA4176D2}.Debug|x64.Build.0 = Debug|x64
		{359A6918-F561-420E-9426-A56CFA4176D2}.Release|Win32.ActiveCfg = Release|Win32
		{359A6918-F561-420E-9426-A56CFA4176D2}.Release|Win32.Build.0 = Release|Win32
		{359A6918-F561-420E-9426-A56CFA4176D2}.Release|x64.ActiveCfg = Release|x64
		{359A6918-F561-420E-9426-A56CFA4176D2}.Release|x64.Build.0 = Release|x64
		{E0E104AE-921E-42A4-B2C9-7F5D60BCDC0F}.Debug|Win32.ActiveCfg = Debug|Win32
		{E0E104AE-921E-42A4-B2C9-7F5D60BCDC0F}.Debug|Win32.Build.0 = Debug|Win32
		{E0E104AE-921E-42A4-B2C9-7F5D60BCDC0F}.Debug|x64.ActiveCfg = Debug|x64
		{E0E104AE-921E-42A4-B2C9-7F5D60BCDC0F}.Debug|x64.Build.0 = Debug|x64
		{E0E104AE-921E-42A4-B2C9-7F5D60BCDC0F}.Release|Win32.ActiveCfg = Release|Win32
		{E0E104AE-921E-42A4-B2C9-7F5D60BCDC0F}.Release|Win32.Build.0 = Release|Win32
		{E0E104AE-921E-42A4-B2C9-7F5D60BCDC0F}.Release|x64.ActiveCfg = Release|x64
		{E0E104AE-921E-42A4-B2C9-7F5D60BCDC0F}.Release|x64.Build.0 = Release|x64
		{E73D4DDF-2EB8-499B-9468-C8A7770734D7}.Debug|Win32.ActiveCfg = Debug|Win32
		{E73D4DDF-2EB8-499B-9468-C8A7770734D7}.Debug|Win32.Build.0 = Debug|Win32
		{E73D4DDF-2EB8-499B-9468-C8A7770734D7}.Debug|x64.ActiveCfg = Debug|x64
		{E73D4DDF-2EB8-499B-9468-C8A7770734D7}.Debug|x64.Build.0 = Debug|x64
		{E73D4DDF-2EB8-499B-9468-C8A7770734D7}.Release|Win32.ActiveCfg = Release|Win32
		{E73D4DDF-2EB8-499B-9468-C8A7770734D7}.Release|Win32.Build.0 = Release|Win32
		{E73D4DDF-2EB8-499B-9468-C8A7770734D7}.Release|x64.ActiveCfg = Release|x64
		{E73D4DDF-2EB8-499B-9468-C8A7770734D7}.Release|x64.Build.0 = Release|x64
		{C61AB560-2D97-44DF-8F35-8A3ADF2D212D}.Debug|Win32.ActiveCfg = Debug|Win32
		{C61AB560-2D97-44DF-8F35-8A3ADF2D212D}.Debug|Win32.Build.0 = Debug|Win32
		{C61AB560-2D97-44DF-8F35-8A3ADF2D212D}.Debug|x64.ActiveCfg = Debug|x64
		{C61AB560-2D97-44DF-8F35-8A3ADF2D212D}.Debug|x64.Build.0 = Debug|x64
		{C61AB560-2D97-44DF-8F35-8A3ADF2D212D}.Release|Win32.ActiveCfg = Release|Win32
		{C61AB560-2D97-44DF-8F35-8A3ADF2D212D}.Release|Win32.Build.0 = Release|Win32
		{C61AB560-2D97-44DF-8F35-8A3ADF2D212D}.Release|x64.ActiveCfg = Release|x64
		{C61AB560-2D97-44DF-8F35-8A3ADF2D212D}.Release|x64.Build.0 = Release|x64
		{639177D9-3781-4398-AEF1-8E248C6E0FBD}.Debug|Win32.ActiveCfg = Debug|Win32
		{639177D9-3781-4398-AEF1-8E248C6E0FBD}.Debug|Win32.Build.0 = Debug|Win32
		{639177D9-3781-4398-AEF1-8E248C6E0FBD}.Debug|x64.ActiveCfg = Debug|x64
		{639177D9-3781-4398-AEF1-8E248C6E0FBD}.Debug|x64.Build.0 = Debug|x64
		{639177D9-3781-4398-AEF1-8E248C6E0FBD}.Release|Win32.ActiveCfg = Release|Win32
		{639177D9-3781-4398-AEF1-8E248C6E0FBD}.Release|Win32.Build.0 = Release|Win32
		{639177D9-3781-4398-AEF1-8E248C6E0FBD}.Release|x64.ActiveCfg = Release|x64
		{639177D9-3781-4398-AEF1-8E248C6E0FBD}.Release|x64.Build.0 = Release|x64
		{DCD1E333-5AFE-407C-B395-B75BE37A2936}.Debug|Win32.ActiveCfg = Debug|Win32
		{DCD1E333-5AFE-407C-B395-B75BE37A2936}.Debug|Win32.Build.0 = Debug|Win32
		{DCD1E333-5AFE-407C-B395-B75BE37A2936}.Debug|x64.ActiveCfg = Debug|x64
		{DCD1E333-5AFE-407C-B395-B75BE37A2936}.Debug|x64.Build.0 = Debug|x64
		{DCD1E333-5AFE-407C-B395-B75BE37A2936}.Release|Win32.ActiveCfg = Release|Win32
		{DCD1E333-5AFE-407C-B395-B75BE37A2936}.Release|Win32.Build.0 = Release|Win32
		{DCD1E333-5AFE-407C-B395-B75BE37A2936}.Release|x64.ActiveCfg = Release|x64
		{DCD1E333-5AFE-407C-B395-B75BE37A2936}.Release|x64.Build.0 = Release|x64
		{CE268375-59DA-4FF5-8707-D28D99C24960}.Debug|Win32.ActiveCfg = Debug|Win32
		{CE268375-59DA-4FF5-8707-D28D99C24960}.Debug|Win32.Build.0 = Debug|Win32
		{CE268375-59DA-4FF5-8707-D28D99C24960}.Debug|x64.ActiveCfg = Debug|x64
		{CE268375-59DA-4FF5-8707-D28D99C24960}.Debug|x64.Build.0 = Debug|x64
		{CE268375-59DA-4FF5-8707-D28D99C24960}.Release|Win32.ActiveCfg = Release|Win32
		{CE268375-59DA-4FF5-8707-D28D99C24960}.Release|Win32.Build.0 = Release|Win32
		{CE268375-59DA-4FF5-8707-D28D99C24960}.Release|x64.ActiveCfg = Release|x64
		{CE268375-59DA-4FF5-8707-D28D99C24960}.Release|x64.Build.0 = Release|x64
	EndGlobalSection
	GlobalSection(SolutionProperties) = preSolution
		HideSolutionNode = FALSE
	EndGlobalSection
	GlobalSection(ExtensibilityGlobals) = postSolution
		QtVersion = $(DefaultQtVersion)
	EndGlobalSection
EndGlobal
